// !$*UTF8*$!
{
	archiveVersion = 1;
	classes = {
	};
	objectVersion = 77;
	objects = {

/* Begin PBXContainerItemProxy section */
		7F9706252D3DB36D00A7902A /* PBXContainerItemProxy */ = {
			isa = PBXContainerItemProxy;
			containerPortal = 7F97060C2D3DB36C00A7902A /* Project object */;
			proxyType = 1;
			remoteGlobalIDString = 7F9706132D3DB36C00A7902A;
			remoteInfo = crystalballer;
		};
		7F97062F2D3DB36D00A7902A /* PBXContainerItemProxy */ = {
			isa = PBXContainerItemProxy;
			containerPortal = 7F97060C2D3DB36C00A7902A /* Project object */;
			proxyType = 1;
			remoteGlobalIDString = 7F9706132D3DB36C00A7902A;
			remoteInfo = crystalballer;
		};
/* End PBXContainerItemProxy section */

/* Begin PBXFileReference section */
		7F9706142D3DB36C00A7902A /* crystalballer.app */ = {isa = PBXFileReference; explicitFileType = wrapper.application; includeInIndex = 0; path = crystalballer.app; sourceTree = BUILT_PRODUCTS_DIR; };
		7F9706242D3DB36D00A7902A /* crystalballerTests.xctest */ = {isa = PBXFileReference; explicitFileType = wrapper.cfbundle; includeInIndex = 0; path = crystalballerTests.xctest; sourceTree = BUILT_PRODUCTS_DIR; };
		7F97062E2D3DB36D00A7902A /* crystalballerUITests.xctest */ = {isa = PBXFileReference; explicitFileType = wrapper.cfbundle; includeInIndex = 0; path = crystalballerUITests.xctest; sourceTree = BUILT_PRODUCTS_DIR; };
/* End PBXFileReference section */

/* Begin PBXFileSystemSynchronizedBuildFileExceptionSet section */
		7F9706932D3DB89700A7902A /* Exceptions for "crystalballer" folder in "crystalballerTests" target */ = {
			isa = PBXFileSystemSynchronizedBuildFileExceptionSet;
			membershipExceptions = (
				Models/Match.swift,
				Models/Prediction.swift,
				Networking/APIClient.swift,
				ViewModels/MatchViewModel.swift,
				ViewModels/PredictionViewModel.swift,
				Views/ContentView.swift,
				Views/DateSelectionView.swift,
				Views/MatchList.swift,
				Views/PredictionCard.swift,
				Views/PredictionView.swift,
			);
			target = 7F9706232D3DB36D00A7902A /* crystalballerTests */;
		};
		7F9706942D3DB89700A7902A /* Exceptions for "crystalballer" folder in "crystalballerUITests" target */ = {
			isa = PBXFileSystemSynchronizedBuildFileExceptionSet;
			membershipExceptions = (
				Models/Match.swift,
				Models/Prediction.swift,
				Networking/APIClient.swift,
				ViewModels/MatchViewModel.swift,
				ViewModels/PredictionViewModel.swift,
				Views/ContentView.swift,
				Views/DateSelectionView.swift,
				Views/MatchList.swift,
				Views/PredictionCard.swift,
				Views/PredictionView.swift,
			);
			target = 7F97062D2D3DB36D00A7902A /* crystalballerUITests */;
		};
/* End PBXFileSystemSynchronizedBuildFileExceptionSet section */

/* Begin PBXFileSystemSynchronizedRootGroup section */
		7F9706162D3DB36C00A7902A /* crystalballer */ = {
			isa = PBXFileSystemSynchronizedRootGroup;
			exceptions = (
				7F9706932D3DB89700A7902A /* Exceptions for "crystalballer" folder in "crystalballerTests" target */,
				7F9706942D3DB89700A7902A /* Exceptions for "crystalballer" folder in "crystalballerUITests" target */,
			);
			path = crystalballer;
			sourceTree = "<group>";
		};
		7F9706272D3DB36D00A7902A /* crystalballerTests */ = {
			isa = PBXFileSystemSynchronizedRootGroup;
			path = crystalballerTests;
			sourceTree = "<group>";
		};
		7F9706312D3DB36D00A7902A /* crystalballerUITests */ = {
			isa = PBXFileSystemSynchronizedRootGroup;
			path = crystalballerUITests;
			sourceTree = "<group>";
		};
/* End PBXFileSystemSynchronizedRootGroup section */

/* Begin PBXFrameworksBuildPhase section */
		7F9706112D3DB36C00A7902A /* Frameworks */ = {
			isa = PBXFrameworksBuildPhase;
			buildActionMask = 2147483647;
			files = (
			);
			runOnlyForDeploymentPostprocessing = 0;
		};
		7F9706212D3DB36D00A7902A /* Frameworks */ = {
			isa = PBXFrameworksBuildPhase;
			buildActionMask = 2147483647;
			files = (
			);
			runOnlyForDeploymentPostprocessing = 0;
		};
		7F97062B2D3DB36D00A7902A /* Frameworks */ = {
			isa = PBXFrameworksBuildPhase;
			buildActionMask = 2147483647;
			files = (
			);
			runOnlyForDeploymentPostprocessing = 0;
		};
/* End PBXFrameworksBuildPhase section */

/* Begin PBXGroup section */
		7F97060B2D3DB36C00A7902A = {
			isa = PBXGroup;
			children = (
				7F9706162D3DB36C00A7902A /* crystalballer */,
				7F9706272D3DB36D00A7902A /* crystalballerTests */,
				7F9706312D3DB36D00A7902A /* crystalballerUITests */,
				7F9706152D3DB36C00A7902A /* Products */,
			);
			sourceTree = "<group>";
		};
		7F9706152D3DB36C00A7902A /* Products */ = {
			isa = PBXGroup;
			children = (
				7F9706142D3DB36C00A7902A /* crystalballer.app */,
				7F9706242D3DB36D00A7902A /* crystalballerTests.xctest */,
				7F97062E2D3DB36D00A7902A /* crystalballerUITests.xctest */,
			);
			name = Products;
			sourceTree = "<group>";
		};
/* End PBXGroup section */

/* Begin PBXNativeTarget section */
		7F9706132D3DB36C00A7902A /* crystalballer */ = {
			isa = PBXNativeTarget;
			buildConfigurationList = 7F9706382D3DB36D00A7902A /* Build configuration list for PBXNativeTarget "crystalballer" */;
			buildPhases = (
				7F9706102D3DB36C00A7902A /* Sources */,
				7F9706112D3DB36C00A7902A /* Frameworks */,
				7F9706122D3DB36C00A7902A /* Resources */,
			);
			buildRules = (
			);
			dependencies = (
			);
			fileSystemSynchronizedGroups = (
				7F9706162D3DB36C00A7902A /* crystalballer */,
			);
			name = crystalballer;
			packageProductDependencies = (
			);
			productName = crystalballer;
			productReference = 7F9706142D3DB36C00A7902A /* crystalballer.app */;
			productType = "com.apple.product-type.application";
		};
		7F9706232D3DB36D00A7902A /* crystalballerTests */ = {
			isa = PBXNativeTarget;
			buildConfigurationList = 7F97063B2D3DB36D00A7902A /* Build configuration list for PBXNativeTarget "crystalballerTests" */;
			buildPhases = (
				7F9706202D3DB36D00A7902A /* Sources */,
				7F9706212D3DB36D00A7902A /* Frameworks */,
				7F9706222D3DB36D00A7902A /* Resources */,
			);
			buildRules = (
			);
			dependencies = (
				7F9706262D3DB36D00A7902A /* PBXTargetDependency */,
			);
			fileSystemSynchronizedGroups = (
				7F9706272D3DB36D00A7902A /* crystalballerTests */,
			);
			name = crystalballerTests;
			packageProductDependencies = (
			);
			productName = crystalballerTests;
			productReference = 7F9706242D3DB36D00A7902A /* crystalballerTests.xctest */;
			productType = "com.apple.product-type.bundle.unit-test";
		};
		7F97062D2D3DB36D00A7902A /* crystalballerUITests */ = {
			isa = PBXNativeTarget;
			buildConfigurationList = 7F97063E2D3DB36D00A7902A /* Build configuration list for PBXNativeTarget "crystalballerUITests" */;
			buildPhases = (
				7F97062A2D3DB36D00A7902A /* Sources */,
				7F97062B2D3DB36D00A7902A /* Frameworks */,
				7F97062C2D3DB36D00A7902A /* Resources */,
			);
			buildRules = (
			);
			dependencies = (
				7F9706302D3DB36D00A7902A /* PBXTargetDependency */,
			);
			fileSystemSynchronizedGroups = (
				7F9706312D3DB36D00A7902A /* crystalballerUITests */,
			);
			name = crystalballerUITests;
			packageProductDependencies = (
			);
			productName = crystalballerUITests;
			productReference = 7F97062E2D3DB36D00A7902A /* crystalballerUITests.xctest */;
			productType = "com.apple.product-type.bundle.ui-testing";
		};
/* End PBXNativeTarget section */

/* Begin PBXProject section */
		7F97060C2D3DB36C00A7902A /* Project object */ = {
			isa = PBXProject;
			attributes = {
				BuildIndependentTargetsInParallel = 1;
				LastSwiftUpdateCheck = 1620;
				LastUpgradeCheck = 1620;
				TargetAttributes = {
					7F9706132D3DB36C00A7902A = {
						CreatedOnToolsVersion = 16.2;
					};
					7F9706232D3DB36D00A7902A = {
						CreatedOnToolsVersion = 16.2;
						TestTargetID = 7F9706132D3DB36C00A7902A;
					};
					7F97062D2D3DB36D00A7902A = {
						CreatedOnToolsVersion = 16.2;
						TestTargetID = 7F9706132D3DB36C00A7902A;
					};
				};
			};
			buildConfigurationList = 7F97060F2D3DB36C00A7902A /* Build configuration list for PBXProject "crystalballer" */;
			developmentRegion = en;
			hasScannedForEncodings = 0;
			knownRegions = (
				en,
				Base,
			);
			mainGroup = 7F97060B2D3DB36C00A7902A;
			minimizedProjectReferenceProxies = 1;
			preferredProjectObjectVersion = 77;
			productRefGroup = 7F9706152D3DB36C00A7902A /* Products */;
			projectDirPath = "";
			projectRoot = "";
			targets = (
				7F9706132D3DB36C00A7902A /* crystalballer */,
				7F9706232D3DB36D00A7902A /* crystalballerTests */,
				7F97062D2D3DB36D00A7902A /* crystalballerUITests */,
			);
		};
/* End PBXProject section */

/* Begin PBXResourcesBuildPhase section */
		7F9706122D3DB36C00A7902A /* Resources */ = {
			isa = PBXResourcesBuildPhase;
			buildActionMask = 2147483647;
			files = (
			);
			runOnlyForDeploymentPostprocessing = 0;
		};
		7F9706222D3DB36D00A7902A /* Resources */ = {
			isa = PBXResourcesBuildPhase;
			buildActionMask = 2147483647;
			files = (
			);
			runOnlyForDeploymentPostprocessing = 0;
		};
		7F97062C2D3DB36D00A7902A /* Resources */ = {
			isa = PBXResourcesBuildPhase;
			buildActionMask = 2147483647;
			files = (
			);
			runOnlyForDeploymentPostprocessing = 0;
		};
/* End PBXResourcesBuildPhase section */

/* Begin PBXSourcesBuildPhase section */
		7F9706102D3DB36C00A7902A /* Sources */ = {
			isa = PBXSourcesBuildPhase;
			buildActionMask = 2147483647;
			files = (
			);
			runOnlyForDeploymentPostprocessing = 0;
		};
		7F9706202D3DB36D00A7902A /* Sources */ = {
			isa = PBXSourcesBuildPhase;
			buildActionMask = 2147483647;
			files = (
			);
			runOnlyForDeploymentPostprocessing = 0;
		};
		7F97062A2D3DB36D00A7902A /* Sources */ = {
			isa = PBXSourcesBuildPhase;
			buildActionMask = 2147483647;
			files = (
			);
			runOnlyForDeploymentPostprocessing = 0;
		};
/* End PBXSourcesBuildPhase section */

/* Begin PBXTargetDependency section */
		7F9706262D3DB36D00A7902A /* PBXTargetDependency */ = {
			isa = PBXTargetDependency;
			target = 7F9706132D3DB36C00A7902A /* crystalballer */;
			targetProxy = 7F9706252D3DB36D00A7902A /* PBXContainerItemProxy */;
		};
		7F9706302D3DB36D00A7902A /* PBXTargetDependency */ = {
			isa = PBXTargetDependency;
			target = 7F9706132D3DB36C00A7902A /* crystalballer */;
			targetProxy = 7F97062F2D3DB36D00A7902A /* PBXContainerItemProxy */;
		};
/* End PBXTargetDependency section */

/* Begin XCBuildConfiguration section */
		7F9706362D3DB36D00A7902A /* Debug */ = {
			isa = XCBuildConfiguration;
			buildSettings = {
				ALWAYS_SEARCH_USER_PATHS = NO;
				ASSETCATALOG_COMPILER_GENERATE_SWIFT_ASSET_SYMBOL_EXTENSIONS = YES;
				CLANG_ANALYZER_NONNULL = YES;
				CLANG_ANALYZER_NUMBER_OBJECT_CONVERSION = YES_AGGRESSIVE;
				CLANG_CXX_LANGUAGE_STANDARD = "gnu++20";
				CLANG_ENABLE_MODULES = YES;
				CLANG_ENABLE_OBJC_ARC = YES;
				CLANG_ENABLE_OBJC_WEAK = YES;
				CLANG_WARN_BLOCK_CAPTURE_AUTORELEASING = YES;
				CLANG_WARN_BOOL_CONVERSION = YES;
				CLANG_WARN_COMMA = YES;
				CLANG_WARN_CONSTANT_CONVERSION = YES;
				CLANG_WARN_DEPRECATED_OBJC_IMPLEMENTATIONS = YES;
				CLANG_WARN_DIRECT_OBJC_ISA_USAGE = YES_ERROR;
				CLANG_WARN_DOCUMENTATION_COMMENTS = YES;
				CLANG_WARN_EMPTY_BODY = YES;
				CLANG_WARN_ENUM_CONVERSION = YES;
				CLANG_WARN_INFINITE_RECURSION = YES;
				CLANG_WARN_INT_CONVERSION = YES;
				CLANG_WARN_NON_LITERAL_NULL_CONVERSION = YES;
				CLANG_WARN_OBJC_IMPLICIT_RETAIN_SELF = YES;
				CLANG_WARN_OBJC_LITERAL_CONVERSION = YES;
				CLANG_WARN_OBJC_ROOT_CLASS = YES_ERROR;
				CLANG_WARN_QUOTED_INCLUDE_IN_FRAMEWORK_HEADER = YES;
				CLANG_WARN_RANGE_LOOP_ANALYSIS = YES;
				CLANG_WARN_STRICT_PROTOTYPES = YES;
				CLANG_WARN_SUSPICIOUS_MOVE = YES;
				CLANG_WARN_UNGUARDED_AVAILABILITY = YES_AGGRESSIVE;
				CLANG_WARN_UNREACHABLE_CODE = YES;
				CLANG_WARN__DUPLICATE_METHOD_MATCH = YES;
				COPY_PHASE_STRIP = NO;
				DEBUG_INFORMATION_FORMAT = dwarf;
				ENABLE_STRICT_OBJC_MSGSEND = YES;
				ENABLE_TESTABILITY = YES;
				ENABLE_USER_SCRIPT_SANDBOXING = YES;
				GCC_C_LANGUAGE_STANDARD = gnu17;
				GCC_DYNAMIC_NO_PIC = NO;
				GCC_NO_COMMON_BLOCKS = YES;
				GCC_OPTIMIZATION_LEVEL = 0;
				GCC_PREPROCESSOR_DEFINITIONS = (
					"DEBUG=1",
					"$(inherited)",
				);
				GCC_WARN_64_TO_32_BIT_CONVERSION = YES;
				GCC_WARN_ABOUT_RETURN_TYPE = YES_ERROR;
				GCC_WARN_UNDECLARED_SELECTOR = YES;
				GCC_WARN_UNINITIALIZED_AUTOS = YES_AGGRESSIVE;
				GCC_WARN_UNUSED_FUNCTION = YES;
				GCC_WARN_UNUSED_VARIABLE = YES;
				IPHONEOS_DEPLOYMENT_TARGET = 18.2;
				LOCALIZATION_PREFERS_STRING_CATALOGS = YES;
				MTL_ENABLE_DEBUG_INFO = INCLUDE_SOURCE;
				MTL_FAST_MATH = YES;
				ONLY_ACTIVE_ARCH = YES;
				SDKROOT = iphoneos;
				SWIFT_ACTIVE_COMPILATION_CONDITIONS = "DEBUG $(inherited)";
				SWIFT_OPTIMIZATION_LEVEL = "-Onone";
			};
			name = Debug;
		};
		7F9706372D3DB36D00A7902A /* Release */ = {
			isa = XCBuildConfiguration;
			buildSettings = {
				ALWAYS_SEARCH_USER_PATHS = NO;
				ASSETCATALOG_COMPILER_GENERATE_SWIFT_ASSET_SYMBOL_EXTENSIONS = YES;
				CLANG_ANALYZER_NONNULL = YES;
				CLANG_ANALYZER_NUMBER_OBJECT_CONVERSION = YES_AGGRESSIVE;
				CLANG_CXX_LANGUAGE_STANDARD = "gnu++20";
				CLANG_ENABLE_MODULES = YES;
				CLANG_ENABLE_OBJC_ARC = YES;
				CLANG_ENABLE_OBJC_WEAK = YES;
				CLANG_WARN_BLOCK_CAPTURE_AUTORELEASING = YES;
				CLANG_WARN_BOOL_CONVERSION = YES;
				CLANG_WARN_COMMA = YES;
				CLANG_WARN_CONSTANT_CONVERSION = YES;
				CLANG_WARN_DEPRECATED_OBJC_IMPLEMENTATIONS = YES;
				CLANG_WARN_DIRECT_OBJC_ISA_USAGE = YES_ERROR;
				CLANG_WARN_DOCUMENTATION_COMMENTS = YES;
				CLANG_WARN_EMPTY_BODY = YES;
				CLANG_WARN_ENUM_CONVERSION = YES;
				CLANG_WARN_INFINITE_RECURSION = YES;
				CLANG_WARN_INT_CONVERSION = YES;
				CLANG_WARN_NON_LITERAL_NULL_CONVERSION = YES;
				CLANG_WARN_OBJC_IMPLICIT_RETAIN_SELF = YES;
				CLANG_WARN_OBJC_LITERAL_CONVERSION = YES;
				CLANG_WARN_OBJC_ROOT_CLASS = YES_ERROR;
				CLANG_WARN_QUOTED_INCLUDE_IN_FRAMEWORK_HEADER = YES;
				CLANG_WARN_RANGE_LOOP_ANALYSIS = YES;
				CLANG_WARN_STRICT_PROTOTYPES = YES;
				CLANG_WARN_SUSPICIOUS_MOVE = YES;
				CLANG_WARN_UNGUARDED_AVAILABILITY = YES_AGGRESSIVE;
				CLANG_WARN_UNREACHABLE_CODE = YES;
				CLANG_WARN__DUPLICATE_METHOD_MATCH = YES;
				COPY_PHASE_STRIP = NO;
				DEBUG_INFORMATION_FORMAT = "dwarf-with-dsym";
				ENABLE_NS_ASSERTIONS = NO;
				ENABLE_STRICT_OBJC_MSGSEND = YES;
				ENABLE_USER_SCRIPT_SANDBOXING = YES;
				GCC_C_LANGUAGE_STANDARD = gnu17;
				GCC_NO_COMMON_BLOCKS = YES;
				GCC_WARN_64_TO_32_BIT_CONVERSION = YES;
				GCC_WARN_ABOUT_RETURN_TYPE = YES_ERROR;
				GCC_WARN_UNDECLARED_SELECTOR = YES;
				GCC_WARN_UNINITIALIZED_AUTOS = YES_AGGRESSIVE;
				GCC_WARN_UNUSED_FUNCTION = YES;
				GCC_WARN_UNUSED_VARIABLE = YES;
				IPHONEOS_DEPLOYMENT_TARGET = 18.2;
				LOCALIZATION_PREFERS_STRING_CATALOGS = YES;
				MTL_ENABLE_DEBUG_INFO = NO;
				MTL_FAST_MATH = YES;
				SDKROOT = iphoneos;
				SWIFT_COMPILATION_MODE = wholemodule;
				VALIDATE_PRODUCT = YES;
			};
			name = Release;
		};
		7F9706392D3DB36D00A7902A /* Debug */ = {
			isa = XCBuildConfiguration;
			buildSettings = {
				ASSETCATALOG_COMPILER_APPICON_NAME = AppIcon;
				ASSETCATALOG_COMPILER_GLOBAL_ACCENT_COLOR_NAME = AccentColor;
				CODE_SIGN_STYLE = Automatic;
				CURRENT_PROJECT_VERSION = 1;
				DEVELOPMENT_ASSET_PATHS = "\"crystalballer/Preview Content\"";
				ENABLE_PREVIEWS = YES;
				GENERATE_INFOPLIST_FILE = YES;
				INFOPLIST_KEY_UIApplicationSceneManifest_Generation = YES;
				INFOPLIST_KEY_UIApplicationSupportsIndirectInputEvents = YES;
				INFOPLIST_KEY_UILaunchScreen_Generation = YES;
				INFOPLIST_KEY_UISupportedInterfaceOrientations_iPad = "UIInterfaceOrientationPortrait UIInterfaceOrientationPortraitUpsideDown UIInterfaceOrientationLandscapeLeft UIInterfaceOrientationLandscapeRight";
				INFOPLIST_KEY_UISupportedInterfaceOrientations_iPhone = "UIInterfaceOrientationPortrait UIInterfaceOrientationLandscapeLeft UIInterfaceOrientationLandscapeRight";
				LD_RUNPATH_SEARCH_PATHS = (
					"$(inherited)",
					"@executable_path/Frameworks",
				);
				MARKETING_VERSION = 1.0;
				PRODUCT_BUNDLE_IDENTIFIER = mw.crystalballer;
				PRODUCT_NAME = "$(TARGET_NAME)";
				SWIFT_EMIT_LOC_STRINGS = YES;
				SWIFT_VERSION = 5.0;
				TARGETED_DEVICE_FAMILY = "1,2";
			};
			name = Debug;
		};
		7F97063A2D3DB36D00A7902A /* Release */ = {
			isa = XCBuildConfiguration;
			buildSettings = {
				ASSETCATALOG_COMPILER_APPICON_NAME = AppIcon;
				ASSETCATALOG_COMPILER_GLOBAL_ACCENT_COLOR_NAME = AccentColor;
				CODE_SIGN_STYLE = Automatic;
				CURRENT_PROJECT_VERSION = 1;
				DEVELOPMENT_ASSET_PATHS = "\"crystalballer/Preview Content\"";
				ENABLE_PREVIEWS = YES;
				GENERATE_INFOPLIST_FILE = YES;
				INFOPLIST_KEY_UIApplicationSceneManifest_Generation = YES;
				INFOPLIST_KEY_UIApplicationSupportsIndirectInputEvents = YES;
				INFOPLIST_KEY_UILaunchScreen_Generation = YES;
				INFOPLIST_KEY_UISupportedInterfaceOrientations_iPad = "UIInterfaceOrientationPortrait UIInterfaceOrientationPortraitUpsideDown UIInterfaceOrientationLandscapeLeft UIInterfaceOrientationLandscapeRight";
				INFOPLIST_KEY_UISupportedInterfaceOrientations_iPhone = "UIInterfaceOrientationPortrait UIInterfaceOrientationLandscapeLeft UIInterfaceOrientationLandscapeRight";
				LD_RUNPATH_SEARCH_PATHS = (
					"$(inherited)",
					"@executable_path/Frameworks",
				);
				MARKETING_VERSION = 1.0;
				PRODUCT_BUNDLE_IDENTIFIER = mw.crystalballer;
				PRODUCT_NAME = "$(TARGET_NAME)";
				SWIFT_EMIT_LOC_STRINGS = YES;
				SWIFT_VERSION = 5.0;
				TARGETED_DEVICE_FAMILY = "1,2";
			};
			name = Release;
		};
		7F97063C2D3DB36D00A7902A /* Debug */ = {
			isa = XCBuildConfiguration;
			buildSettings = {
				BUNDLE_LOADER = "$(TEST_HOST)";
				CODE_SIGN_STYLE = Automatic;
				CURRENT_PROJECT_VERSION = 1;
				GENERATE_INFOPLIST_FILE = YES;
				IPHONEOS_DEPLOYMENT_TARGET = 18.2;
				MARKETING_VERSION = 1.0;
				PRODUCT_BUNDLE_IDENTIFIER = mw.crystalballerTests;
				PRODUCT_NAME = "$(TARGET_NAME)";
				SWIFT_EMIT_LOC_STRINGS = NO;
				SWIFT_VERSION = 5.0;
				TARGETED_DEVICE_FAMILY = "1,2";
				TEST_HOST = "$(BUILT_PRODUCTS_DIR)/crystalballer.app/$(BUNDLE_EXECUTABLE_FOLDER_PATH)/crystalballer";
			};
			name = Debug;
		};
		7F97063D2D3DB36D00A7902A /* Release */ = {
			isa = XCBuildConfiguration;
			buildSettings = {
				BUNDLE_LOADER = "$(TEST_HOST)";
				CODE_SIGN_STYLE = Automatic;
				CURRENT_PROJECT_VERSION = 1;
				GENERATE_INFOPLIST_FILE = YES;
				IPHONEOS_DEPLOYMENT_TARGET = 18.2;
				MARKETING_VERSION = 1.0;
				PRODUCT_BUNDLE_IDENTIFIER = mw.crystalballerTests;
				PRODUCT_NAME = "$(TARGET_NAME)";
				SWIFT_EMIT_LOC_STRINGS = NO;
				SWIFT_VERSION = 5.0;
				TARGETED_DEVICE_FAMILY = "1,2";
				TEST_HOST = "$(BUILT_PRODUCTS_DIR)/crystalballer.app/$(BUNDLE_EXECUTABLE_FOLDER_PATH)/crystalballer";
			};
			name = Release;
		};
		7F97063F2D3DB36D00A7902A /* Debug */ = {
			isa = XCBuildConfiguration;
			buildSettings = {
				CODE_SIGN_STYLE = Automatic;
				CURRENT_PROJECT_VERSION = 1;
				GENERATE_INFOPLIST_FILE = YES;
				MARKETING_VERSION = 1.0;
				PRODUCT_BUNDLE_IDENTIFIER = mw.crystalballerUITests;
				PRODUCT_NAME = "$(TARGET_NAME)";
				SWIFT_EMIT_LOC_STRINGS = NO;
				SWIFT_VERSION = 5.0;
				TARGETED_DEVICE_FAMILY = "1,2";
				TEST_TARGET_NAME = crystalballer;
			};
			name = Debug;
		};
		7F9706402D3DB36D00A7902A /* Release */ = {
			isa = XCBuildConfiguration;
			buildSettings = {
				CODE_SIGN_STYLE = Automatic;
				CURRENT_PROJECT_VERSION = 1;
				GENERATE_INFOPLIST_FILE = YES;
				MARKETING_VERSION = 1.0;
				PRODUCT_BUNDLE_IDENTIFIER = mw.crystalballerUITests;
				PRODUCT_NAME = "$(TARGET_NAME)";
				SWIFT_EMIT_LOC_STRINGS = NO;
				SWIFT_VERSION = 5.0;
				TARGETED_DEVICE_FAMILY = "1,2";
				TEST_TARGET_NAME = crystalballer;
			};
			name = Release;
		};
/* End XCBuildConfiguration section */

/* Begin XCConfigurationList section */
		7F97060F2D3DB36C00A7902A /* Build configuration list for PBXProject "crystalballer" */ = {
			isa = XCConfigurationList;
			buildConfigurations = (
				7F9706362D3DB36D00A7902A /* Debug */,
				7F9706372D3DB36D00A7902A /* Release */,
			);
			defaultConfigurationIsVisible = 0;
			defaultConfigurationName = Release;
		};
		7F9706382D3DB36D00A7902A /* Build configuration list for PBXNativeTarget "crystalballer" */ = {
			isa = XCConfigurationList;
			buildConfigurations = (
				7F9706392D3DB36D00A7902A /* Debug */,
				7F97063A2D3DB36D00A7902A /* Release */,
			);
			defaultConfigurationIsVisible = 0;
			defaultConfigurationName = Release;
		};
		7F97063B2D3DB36D00A7902A /* Build configuration list for PBXNativeTarget "crystalballerTests" */ = {
			isa = XCConfigurationList;
			buildConfigurations = (
				7F97063C2D3DB36D00A7902A /* Debug */,
				7F97063D2D3DB36D00A7902A /* Release */,
			);
			defaultConfigurationIsVisible = 0;
			defaultConfigurationName = Release;
		};
		7F97063E2D3DB36D00A7902A /* Build configuration list for PBXNativeTarget "crystalballerUITests" */ = {
			isa = XCConfigurationList;
			buildConfigurations = (
				7F97063F2D3DB36D00A7902A /* Debug */,
				7F9706402D3DB36D00A7902A /* Release */,
			);
			defaultConfigurationIsVisible = 0;
			defaultConfigurationName = Release;
		};
/* End XCConfigurationList section */
	};
	rootObject = 7F97060C2D3DB36C00A7902A /* Project object */;
}
